
Microsoft Visual Studio Solution File, Format Version 12.00
# Visual Studio 2012
Project("{2150E333-8FDC-42A3-9474-1A3956D46DE8}") = "Core", "Core", "{DEA8196C-C5DF-453D-8AB1-00E73981F034}"
EndProject
Project("{2150E333-8FDC-42A3-9474-1A3956D46DE8}") = "Clients", "Clients", "{839ABE56-DDFD-4568-A3CA-C4241F17EFB4}"
EndProject
Project("{FAE04EC0-301F-11D3-BF4B-00C04F79EFBC}") = "MedicalIndex.Entities", "MedicalIndex.Entities\MedicalIndex.Entities.csproj", "{7B5D588B-5A1E-4E5C-9F0D-A71D0FAD8CB4}"
EndProject
Global
	GlobalSection(SolutionConfigurationPlatforms) = preSolution
		Debug|Any CPU = Debug|Any CPU
		Release|Any CPU = Release|Any CPU
	EndGlobalSection
	GlobalSection(ProjectConfigurationPlatforms) = postSolution
		{7B5D588B-5A1E-4E5C-9F0D-A71D0FAD8CB4}.Debug|Any CPU.ActiveCfg = Debug|Any CPU
		{7B5D588B-5A1E-4E5C-9F0D-A71D0FAD8CB4}.Debug|Any CPU.Build.0 = Debug|Any CPU
		{7B5D588B-5A1E-4E5C-9F0D-A71D0FAD8CB4}.Release|Any CPU.ActiveCfg = Release|Any CPU
		{7B5D588B-5A1E-4E5C-9F0D-A71D0FAD8CB4}.Release|Any CPU.Build.0 = Release|Any CPU
	EndGlobalSection
	GlobalSection(SolutionProperties) = preSolution
		HideSolutionNode = FALSE
	EndGlobalSection
	GlobalSection(NestedProjects) = preSolution
		{7B5D588B-5A1E-4E5C-9F0D-A71D0FAD8CB4} = {DEA8196C-C5DF-453D-8AB1-00E73981F034}
	EndGlobalSection
EndGlobal
